github.com/kstenerud/go-describe v1.2.5 h1:HbPBnrMT2nMnoQGfRe86N/2PvroGJARktzW/2gqUt8Q=
github.com/kstenerud/go-describe v1.2.5/go.mod h1:B8yQFOOLtn5swMynH15MmfeKQAxgw3CyOlHv4ihxq7Y=
github.com/kstenerud/go-duplicates v1.0.0 h1:tLNBEm6rclBzfRw6amzKgkIuZSxHVpnCh20+wdSx9vg=
github.com/kstenerud/go-duplicates v1.0.0/go.mod h1:Uudu/oF6JRtlfb65QwocZO/hMncCi0BAmBg7SotO4bY=
github.com/kstenerud/go-equivalence v1.0.0 h1:WueMnZ6VeAtqtC+5isZB4H4GkVXKqL2CyDGGiC/x/t0=
github.com/kstenerud/go-equivalence v1.0.0/go.mod h1:D1g2Fd4We5VfwqO0JECg5IdTONKkZDSoakgAzKorsr4=
