github.com/kstenerud/go-describe v1.0.1 h1:1gEqs81uO8dnhTWwNe48AlWpADWNa6mY7XwHS2nS23E=
github.com/kstenerud/go-describe v1.0.1/go.mod h1:f8QWjevRHAYCP/TUGRTiuYEXO28F0g1HK1bP00hhShk=
github.com/kstenerud/go-equivalence v1.0.0 h1:WueMnZ6VeAtqtC+5isZB4H4GkVXKqL2CyDGGiC/x/t0=
github.com/kstenerud/go-equivalence v1.0.0/go.mod h1:D1g2Fd4We5VfwqO0JECg5IdTONKkZDSoakgAzKorsr4=
